
Microsoft Visual Studio Solution File, Format Version 12.00
# Visual Studio Version 16
VisualStudioVersion = 16.0.32802.440
MinimumVisualStudioVersion = 10.0.40219.1
Project("{FAE04EC0-301F-11D3-BF4B-00C04F79EFBC}") = "SIAK-Online-Cetak-app", "SIAK-Online-Cetak-app\SIAK-Online-Cetak-app.csproj", "{D1C99D72-09D5-4693-8660-67706BDC2D45}"
EndProject
Global
	GlobalSection(SolutionConfigurationPlatforms) = preSolution
		Debug|Any CPU = Debug|Any CPU
		Release|Any CPU = Release|Any CPU
	EndGlobalSection
	GlobalSection(ProjectConfigurationPlatforms) = postSolution
		{D1C99D72-09D5-4693-8660-67706BDC2D45}.Debug|Any CPU.ActiveCfg = Debug|Any CPU
		{D1C99D72-09D5-4693-8660-67706BDC2D45}.Debug|Any CPU.Build.0 = Debug|Any CPU
		{D1C99D72-09D5-4693-8660-67706BDC2D45}.Release|Any CPU.ActiveCfg = Release|Any CPU
		{D1C99D72-09D5-4693-8660-67706BDC2D45}.Release|Any CPU.Build.0 = Release|Any CPU
	EndGlobalSection
	GlobalSection(SolutionProperties) = preSolution
		HideSolutionNode = FALSE
	EndGlobalSection
	GlobalSection(ExtensibilityGlobals) = postSolution
		SolutionGuid = {D07C43C1-894B-4CA9-8A11-3C5D0C1BA151}
	EndGlobalSection
EndGlobal
